Project("{FAE04EC0-301F-11D3-BF4B-00C04F79EFBC}") = "DurdomClient", "DurdomClient.csproj", "{BAE80A3F-58F5-A77B-FC30-DBBDDF2292B0}"
EndProject
Global
	GlobalSection(SolutionConfigurationPlatforms) = preSolution
		Debug|Any CPU = Debug|Any CPU
		Release|Any CPU = Release|Any CPU
	EndGlobalSection
	GlobalSection(ProjectConfigurationPlatforms) = postSolution
		{BAE80A3F-58F5-A77B-FC30-DBBDDF2292B0}.Debug|Any CPU.ActiveCfg = Debug|Any CPU
		{BAE80A3F-58F5-A77B-FC30-DBBDDF2292B0}.Debug|Any CPU.Build.0 = Debug|Any CPU
		{BAE80A3F-58F5-A77B-FC30-DBBDDF2292B0}.Release|Any CPU.ActiveCfg = Release|Any CPU
		{BAE80A3F-58F5-A77B-FC30-DBBDDF2292B0}.Release|Any CPU.Build.0 = Release|Any CPU
	EndGlobalSection
	GlobalSection(SolutionProperties) = preSolution
		HideSolutionNode = FALSE
	EndGlobalSection
	GlobalSection(ExtensibilityGlobals) = postSolution
		SolutionGuid = {04C3BA6A-6206-4B41-AB06-6D8D0A8957F1}
	EndGlobalSection
EndGlobal
